
Microsoft Visual Studio Solution File, Format Version 12.00
# Visual Studio Version 16
VisualStudioVersion = 16.0.29709.97
MinimumVisualStudioVersion = 10.0.40219.1
Project("{FAE04EC0-301F-11D3-BF4B-00C04F79EFBC}") = "Minecraft_DLL_Injector", "Minecraft_DLL_Injector\Minecraft_DLL_Injector.csproj", "{DC994E8D-81FD-44C0-9516-C7E698912437}"
EndProject
Global
	GlobalSection(SolutionConfigurationPlatforms) = preSolution
		Debug|Any CPU = Debug|Any CPU
		Debug|x64 = Debug|x64
		Release|Any CPU = Release|Any CPU
		Release|x64 = Release|x64
	EndGlobalSection
	GlobalSection(ProjectConfigurationPlatforms) = postSolution
		{DC994E8D-81FD-44C0-9516-C7E698912437}.Debug|Any CPU.ActiveCfg = Debug|Any CPU
		{DC994E8D-81FD-44C0-9516-C7E698912437}.Debug|Any CPU.Build.0 = Debug|Any CPU
		{DC994E8D-81FD-44C0-9516-C7E698912437}.Debug|x64.ActiveCfg = Release|x64
		{DC994E8D-81FD-44C0-9516-C7E698912437}.Debug|x64.Build.0 = Release|x64
		{DC994E8D-81FD-44C0-9516-C7E698912437}.Release|Any CPU.ActiveCfg = Release|Any CPU
		{DC994E8D-81FD-44C0-9516-C7E698912437}.Release|Any CPU.Build.0 = Release|Any CPU
		{DC994E8D-81FD-44C0-9516-C7E698912437}.Release|x64.ActiveCfg = Release|x64
		{DC994E8D-81FD-44C0-9516-C7E698912437}.Release|x64.Build.0 = Release|x64
	EndGlobalSection
	GlobalSection(SolutionProperties) = preSolution
		HideSolutionNode = FALSE
	EndGlobalSection
	GlobalSection(ExtensibilityGlobals) = postSolution
		SolutionGuid = {4992CCEE-14AA-4E17-90CC-54C68CD697AF}
	EndGlobalSection
EndGlobal
